version = 1
revision = 2
requires-python = ">=3.10, <4"

[[package]]
name = "certifi"
version = "2024.7.4"
source = { registry = "https://pypi.org/simple" }
sdist = { url = "https://files.pythonhosted.org/packages/c2/02/a95f2b11e207f68bc64d7aae9666fed2e2b3f307748d5123dffb72a1bbea/certifi-2024.7.4.tar.gz", hash = "sha256:5a1e7645bc0ec61a09e26c36f6106dd4cf40c6db3a1fb6352b0244e7fb057c7b", size = 164065, upload-time = "2024-07-04T01:36:11.653Z" }
wheels = [
    { url = "https://files.pythonhosted.org/packages/1c/d5/c84e1a17bf61d4df64ca866a1c9a913874b4e9bdc131ec689a0ad013fb36/certifi-2024.7.4-py3-none-any.whl", hash = "sha256:c198e21b1289c2ab85ee4e67bb4b4ef3ead0892059901a8d5b622f24a1101e90", size = 162960, upload-time = "2024-07-04T01:36:09.038Z" },
]

[[package]]
name = "charset-normalizer"
version = "3.3.2"
source = { registry = "https://pypi.org/simple" }
sdist = { url = "https://files.pythonhosted.org/packages/63/09/c1bc53dab74b1816a00d8d030de5bf98f724c52c1635e07681d312f20be8/charset-normalizer-3.3.2.tar.gz", hash = "sha256:f30c3cb33b24454a82faecaf01b19c18562b1e89558fb6c56de4d9118a032fd5", size = 104809, upload-time = "2023-11-01T04:04:59.997Z" }
wheels = [
    { url = "https://files.pythonhosted.org/packages/2b/61/095a0aa1a84d1481998b534177c8566fdc50bb1233ea9a0478cd3cc075bd/charset_normalizer-3.3.2-cp310-cp310-macosx_10_9_universal2.whl", hash = "sha256:25baf083bf6f6b341f4121c2f3c548875ee6f5339300e08be3f2b2ba1721cdd3", size = 194219, upload-time = "2023-11-01T04:02:29.048Z" },
    { url = "https://files.pythonhosted.org/packages/cc/94/f7cf5e5134175de79ad2059edf2adce18e0685ebdb9227ff0139975d0e93/charset_normalizer-3.3.2-cp310-cp310-macosx_10_9_x86_64.whl", hash = "sha256:06435b539f889b1f6f4ac1758871aae42dc3a8c0e24ac9e60c2384973ad73027", size = 122521, upload-time = "2023-11-01T04:02:32.452Z" },
    { url = "https://files.pythonhosted.org/packages/46/6a/d5c26c41c49b546860cc1acabdddf48b0b3fb2685f4f5617ac59261b44ae/charset_normalizer-3.3.2-cp310-cp310-macosx_11_0_arm64.whl", hash = "sha256:9063e24fdb1e498ab71cb7419e24622516c4a04476b17a2dab57e8baa30d6e03", size = 120383, upload-time = "2023-11-01T04:02:34.11Z" },
    { url = "https://files.pythonhosted.org/packages/b8/60/e2f67915a51be59d4539ed189eb0a2b0d292bf79270410746becb32bc2c3/charset_normalizer-3.3.2-cp310-cp310-manylinux_2_17_aarch64.manylinux2014_aarch64.whl", hash = "sha256:6897af51655e3691ff853668779c7bad41579facacf5fd7253b0133308cf000d", size = 138223, upload-time = "2023-11-01T04:02:36.213Z" },
    { url = "https://files.pythonhosted.org/packages/05/8c/eb854996d5fef5e4f33ad56927ad053d04dc820e4a3d39023f35cad72617/charset_normalizer-3.3.2-cp310-cp310-manylinux_2_17_ppc64le.manylinux2014_ppc64le.whl", hash = "sha256:1d3193f4a680c64b4b6a9115943538edb896edc190f0b222e73761716519268e", size = 148101, upload-time = "2023-11-01T04:02:38.067Z" },
    { url = "https://files.pythonhosted.org/packages/f6/93/bb6cbeec3bf9da9b2eba458c15966658d1daa8b982c642f81c93ad9b40e1/charset_normalizer-3.3.2-cp310-cp310-manylinux_2_17_s390x.manylinux2014_s390x.whl", hash = "sha256:cd70574b12bb8a4d2aaa0094515df2463cb429d8536cfb6c7ce983246983e5a6", size = 140699, upload-time = "2023-11-01T04:02:39.436Z" },
    { url = "https://files.pythonhosted.org/packages/da/f1/3702ba2a7470666a62fd81c58a4c40be00670e5006a67f4d626e57f013ae/charset_normalizer-3.3.2-cp310-cp310-manylinux_2_17_x86_64.manylinux2014_x86_64.whl", hash = "sha256:8465322196c8b4d7ab6d1e049e4c5cb460d0394da4a27d23cc242fbf0034b6b5", size = 142065, upload-time = "2023-11-01T04:02:41.357Z" },
    { url = "https://files.pythonhosted.org/packages/3f/ba/3f5e7be00b215fa10e13d64b1f6237eb6ebea66676a41b2bcdd09fe74323/charset_normalizer-3.3.2-cp310-cp310-manylinux_2_5_i686.manylinux1_i686.manylinux_2_17_i686.manylinux2014_i686.whl", hash = "sha256:a9a8e9031d613fd2009c182b69c7b2c1ef8239a0efb1df3f7c8da66d5dd3d537", size = 144505, upload-time = "2023-11-01T04:02:43.108Z" },
    { url = "https://files.pythonhosted.org/packages/33/c3/3b96a435c5109dd5b6adc8a59ba1d678b302a97938f032e3770cc84cd354/charset_normalizer-3.3.2-cp310-cp310-musllinux_1_1_aarch64.whl", hash = "sha256:beb58fe5cdb101e3a055192ac291b7a21e3b7ef4f67fa1d74e331a7f2124341c", size = 139425, upload-time = "2023-11-01T04:02:45.427Z" },
    { url = "https://files.pythonhosted.org/packages/43/05/3bf613e719efe68fb3a77f9c536a389f35b95d75424b96b426a47a45ef1d/charset_normalizer-3.3.2-cp310-cp310-musllinux_1_1_i686.whl", hash = "sha256:e06ed3eb3218bc64786f7db41917d4e686cc4856944f53d5bdf83a6884432e12", size = 145287, upload-time = "2023-11-01T04:02:46.705Z" },
    { url = "https://files.pythonhosted.org/packages/58/78/a0bc646900994df12e07b4ae5c713f2b3e5998f58b9d3720cce2aa45652f/charset_normalizer-3.3.2-cp310-cp310-musllinux_1_1_ppc64le.whl", hash = "sha256:2e81c7b9c8979ce92ed306c249d46894776a909505d8f5a4ba55b14206e3222f", size = 149929, upload-time = "2023-11-01T04:02:48.098Z" },
    { url = "https://files.pythonhosted.org/packages/eb/5c/97d97248af4920bc68687d9c3b3c0f47c910e21a8ff80af4565a576bd2f0/charset_normalizer-3.3.2-cp310-cp310-musllinux_1_1_s390x.whl", hash = "sha256:572c3763a264ba47b3cf708a44ce965d98555f618ca42c926a9c1616d8f34269", size = 141605, upload-time = "2023-11-01T04:02:49.605Z" },
    { url = "https://files.pythonhosted.org/packages/a8/31/47d018ef89f95b8aded95c589a77c072c55e94b50a41aa99c0a2008a45a4/charset_normalizer-3.3.2-cp310-cp310-musllinux_1_1_x86_64.whl", hash = "sha256:fd1abc0d89e30cc4e02e4064dc67fcc51bd941eb395c502aac3ec19fab46b519", size = 142646, upload-time = "2023-11-01T04:02:51.35Z" },
    { url = "https://files.pythonhosted.org/packages/ae/d5/4fecf1d58bedb1340a50f165ba1c7ddc0400252d6832ff619c4568b36cc0/charset_normalizer-3.3.2-cp310-cp310-win32.whl", hash = "sha256:3d47fa203a7bd9c5b6cee4736ee84ca03b8ef23193c0d1ca99b5089f72645c73", size = 92846, upload-time = "2023-11-01T04:02:52.679Z" },
    { url = "https://files.pythonhosted.org/packages/a2/a0/4af29e22cb5942488cf45630cbdd7cefd908768e69bdd90280842e4e8529/charset_normalizer-3.3.2-cp310-cp310-win_amd64.whl", hash = "sha256:10955842570876604d404661fbccbc9c7e684caf432c09c715ec38fbae45ae09", size = 100343, upload-time = "2023-11-01T04:02:53.915Z" },
    { url = "https://files.pythonhosted.org/packages/68/77/02839016f6fbbf808e8b38601df6e0e66c17bbab76dff4613f7511413597/charset_normalizer-3.3.2-cp311-cp311-macosx_10_9_universal2.whl", hash = "sha256:802fe99cca7457642125a8a88a084cef28ff0cf9407060f7b93dca5aa25480db", size = 191647, upload-time = "2023-11-01T04:02:55.329Z" },
    { url = "https://files.pythonhosted.org/packages/3e/33/21a875a61057165e92227466e54ee076b73af1e21fe1b31f1e292251aa1e/charset_normalizer-3.3.2-cp311-cp311-macosx_10_9_x86_64.whl", hash = "sha256:573f6eac48f4769d667c4442081b1794f52919e7edada77495aaed9236d13a96", size = 121434, upload-time = "2023-11-01T04:02:57.173Z" },
    { url = "https://files.pythonhosted.org/packages/dd/51/68b61b90b24ca35495956b718f35a9756ef7d3dd4b3c1508056fa98d1a1b/charset_normalizer-3.3.2-cp311-cp311-macosx_11_0_arm64.whl", hash = "sha256:549a3a73da901d5bc3ce8d24e0600d1fa85524c10287f6004fbab87672bf3e1e", size = 118979, upload-time = "2023-11-01T04:02:58.442Z" },
    { url = "https://files.pythonhosted.org/packages/e4/a6/7ee57823d46331ddc37dd00749c95b0edec2c79b15fc0d6e6efb532e89ac/charset_normalizer-3.3.2-cp311-cp311-manylinux_2_17_aarch64.manylinux2014_aarch64.whl", hash = "sha256:f27273b60488abe721a075bcca6d7f3964f9f6f067c8c4c605743023d7d3944f", size = 136582, upload-time = "2023-11-01T04:02:59.776Z" },
    { url = "https://files.pythonhosted.org/packages/74/f1/0d9fe69ac441467b737ba7f48c68241487df2f4522dd7246d9426e7c690e/charset_normalizer-3.3.2-cp311-cp311-manylinux_2_17_ppc64le.manylinux2014_ppc64le.whl", hash = "sha256:1ceae2f17a9c33cb48e3263960dc5fc8005351ee19db217e9b1bb15d28c02574", size = 146645, upload-time = "2023-11-01T04:03:02.186Z" },
    { url = "https://files.pythonhosted.org/packages/05/31/e1f51c76db7be1d4aef220d29fbfa5dbb4a99165d9833dcbf166753b6dc0/charset_normalizer-3.3.2-cp311-cp311-manylinux_2_17_s390x.manylinux2014_s390x.whl", hash = "sha256:65f6f63034100ead094b8744b3b97965785388f308a64cf8d7c34f2f2e5be0c4", size = 139398, upload-time = "2023-11-01T04:03:04.255Z" },
    { url = "https://files.pythonhosted.org/packages/40/26/f35951c45070edc957ba40a5b1db3cf60a9dbb1b350c2d5bef03e01e61de/charset_normalizer-3.3.2-cp311-cp311-manylinux_2_17_x86_64.manylinux2014_x86_64.whl", hash = "sha256:753f10e867343b4511128c6ed8c82f7bec3bd026875576dfd88483c5c73b2fd8", size = 140273, upload-time = "2023-11-01T04:03:05.983Z" },
    { url = "https://files.pythonhosted.org/packages/07/07/7e554f2bbce3295e191f7e653ff15d55309a9ca40d0362fcdab36f01063c/charset_normalizer-3.3.2-cp311-cp311-manylinux_2_5_i686.manylinux1_i686.manylinux_2_17_i686.manylinux2014_i686.whl", hash = "sha256:4a78b2b446bd7c934f5dcedc588903fb2f5eec172f3d29e52a9096a43722adfc", size = 142577, upload-time = "2023-11-01T04:03:07.567Z" },
    { url = "https://files.pythonhosted.org/packages/d8/b5/eb705c313100defa57da79277d9207dc8d8e45931035862fa64b625bfead/charset_normalizer-3.3.2-cp311-cp311-musllinux_1_1_aarch64.whl", hash = "sha256:e537484df0d8f426ce2afb2d0f8e1c3d0b114b83f8850e5f2fbea0e797bd82ae", size = 137747, upload-time = "2023-11-01T04:03:08.886Z" },
    { url = "https://files.pythonhosted.org/packages/19/28/573147271fd041d351b438a5665be8223f1dd92f273713cb882ddafe214c/charset_normalizer-3.3.2-cp311-cp311-musllinux_1_1_i686.whl", hash = "sha256:eb6904c354526e758fda7167b33005998fb68c46fbc10e013ca97f21ca5c8887", size = 143375, upload-time = "2023-11-01T04:03:10.613Z" },
    { url = "https://files.pythonhosted.org/packages/cf/7c/f3b682fa053cc21373c9a839e6beba7705857075686a05c72e0f8c4980ca/charset_normalizer-3.3.2-cp311-cp311-musllinux_1_1_ppc64le.whl", hash = "sha256:deb6be0ac38ece9ba87dea880e438f25ca3eddfac8b002a2ec3d9183a454e8ae", size = 148474, upload-time = "2023-11-01T04:03:11.973Z" },
    { url = "https://files.pythonhosted.org/packages/1e/49/7ab74d4ac537ece3bc3334ee08645e231f39f7d6df6347b29a74b0537103/charset_normalizer-3.3.2-cp311-cp311-musllinux_1_1_s390x.whl", hash = "sha256:4ab2fe47fae9e0f9dee8c04187ce5d09f48eabe611be8259444906793ab7cbce", size = 140232, upload-time = "2023-11-01T04:03:13.505Z" },
    { url = "https://files.pythonhosted.org/packages/2d/dc/9dacba68c9ac0ae781d40e1a0c0058e26302ea0660e574ddf6797a0347f7/charset_normalizer-3.3.2-cp311-cp311-musllinux_1_1_x86_64.whl", hash = "sha256:80402cd6ee291dcb72644d6eac93785fe2c8b9cb30893c1af5b8fdd753b9d40f", size = 140859, upload-time = "2023-11-01T04:03:17.362Z" },
    { url = "https://files.pythonhosted.org/packages/6c/c2/4a583f800c0708dd22096298e49f887b49d9746d0e78bfc1d7e29816614c/charset_normalizer-3.3.2-cp311-cp311-win32.whl", hash = "sha256:7cd13a2e3ddeed6913a65e66e94b51d80a041145a026c27e6bb76c31a853c6ab", size = 92509, upload-time = "2023-11-01T04:03:21.453Z" },
    { url = "https://files.pythonhosted.org/packages/57/ec/80c8d48ac8b1741d5b963797b7c0c869335619e13d4744ca2f67fc11c6fc/charset_normalizer-3.3.2-cp311-cp311-win_amd64.whl", hash = "sha256:663946639d296df6a2bb2aa51b60a2454ca1cb29835324c640dafb5ff2131a77", size = 99870, upload-time = "2023-11-01T04:03:22.723Z" },
    { url = "https://files.pythonhosted.org/packages/d1/b2/fcedc8255ec42afee97f9e6f0145c734bbe104aac28300214593eb326f1d/charset_normalizer-3.3.2-cp312-cp312-macosx_10_9_universal2.whl", hash = "sha256:0b2b64d2bb6d3fb9112bafa732def486049e63de9618b5843bcdd081d8144cd8", size = 192892, upload-time = "2023-11-01T04:03:24.135Z" },
    { url = "https://files.pythonhosted.org/packages/2e/7d/2259318c202f3d17f3fe6438149b3b9e706d1070fe3fcbb28049730bb25c/charset_normalizer-3.3.2-cp312-cp312-macosx_10_9_x86_64.whl", hash = "sha256:ddbb2551d7e0102e7252db79ba445cdab71b26640817ab1e3e3648dad515003b", size = 122213, upload-time = "2023-11-01T04:03:25.66Z" },
    { url = "https://files.pythonhosted.org/packages/3a/52/9f9d17c3b54dc238de384c4cb5a2ef0e27985b42a0e5cc8e8a31d918d48d/charset_normalizer-3.3.2-cp312-cp312-macosx_11_0_arm64.whl", hash = "sha256:55086ee1064215781fff39a1af09518bc9255b50d6333f2e4c74ca09fac6a8f6", size = 119404, upload-time = "2023-11-01T04:03:27.04Z" },
    { url = "https://files.pythonhosted.org/packages/99/b0/9c365f6d79a9f0f3c379ddb40a256a67aa69c59609608fe7feb6235896e1/charset_normalizer-3.3.2-cp312-cp312-manylinux_2_17_aarch64.manylinux2014_aarch64.whl", hash = "sha256:8f4a014bc36d3c57402e2977dada34f9c12300af536839dc38c0beab8878f38a", size = 137275, upload-time = "2023-11-01T04:03:28.466Z" },
    { url = "https://files.pythonhosted.org/packages/91/33/749df346e93d7a30cdcb90cbfdd41a06026317bfbfb62cd68307c1a3c543/charset_normalizer-3.3.2-cp312-cp312-manylinux_2_17_ppc64le.manylinux2014_ppc64le.whl", hash = "sha256:a10af20b82360ab00827f916a6058451b723b4e65030c5a18577c8b2de5b3389", size = 147518, upload-time = "2023-11-01T04:03:29.82Z" },
    { url = "https://files.pythonhosted.org/packages/72/1a/641d5c9f59e6af4c7b53da463d07600a695b9824e20849cb6eea8a627761/charset_normalizer-3.3.2-cp312-cp312-manylinux_2_17_s390x.manylinux2014_s390x.whl", hash = "sha256:8d756e44e94489e49571086ef83b2bb8ce311e730092d2c34ca8f7d925cb20aa", size = 140182, upload-time = "2023-11-01T04:03:31.511Z" },
    { url = "https://files.pythonhosted.org/packages/ee/fb/14d30eb4956408ee3ae09ad34299131fb383c47df355ddb428a7331cfa1e/charset_normalizer-3.3.2-cp312-cp312-manylinux_2_17_x86_64.manylinux2014_x86_64.whl", hash = "sha256:90d558489962fd4918143277a773316e56c72da56ec7aa3dc3dbbe20fdfed15b", size = 141869, upload-time = "2023-11-01T04:03:32.887Z" },
    { url = "https://files.pythonhosted.org/packages/df/3e/a06b18788ca2eb6695c9b22325b6fde7dde0f1d1838b1792a0076f58fe9d/charset_normalizer-3.3.2-cp312-cp312-manylinux_2_5_i686.manylinux1_i686.manylinux_2_17_i686.manylinux2014_i686.whl", hash = "sha256:6ac7ffc7ad6d040517be39eb591cac5ff87416c2537df6ba3cba3bae290c0fed", size = 144042, upload-time = "2023-11-01T04:03:34.412Z" },
    { url = "https://files.pythonhosted.org/packages/45/59/3d27019d3b447a88fe7e7d004a1e04be220227760264cc41b405e863891b/charset_normalizer-3.3.2-cp312-cp312-musllinux_1_1_aarch64.whl", hash = "sha256:7ed9e526742851e8d5cc9e6cf41427dfc6068d4f5a3bb03659444b4cabf6bc26", size = 138275, upload-time = "2023-11-01T04:03:35.759Z" },
    { url = "https://files.pythonhosted.org/packages/7b/ef/5eb105530b4da8ae37d506ccfa25057961b7b63d581def6f99165ea89c7e/charset_normalizer-3.3.2-cp312-cp312-musllinux_1_1_i686.whl", hash = "sha256:8bdb58ff7ba23002a4c5808d608e4e6c687175724f54a5dade5fa8c67b604e4d", size = 144819, upload-time = "2023-11-01T04:03:37.216Z" },
    { url = "https://files.pythonhosted.org/packages/a2/51/e5023f937d7f307c948ed3e5c29c4b7a3e42ed2ee0b8cdf8f3a706089bf0/charset_normalizer-3.3.2-cp312-cp312-musllinux_1_1_ppc64le.whl", hash = "sha256:6b3251890fff30ee142c44144871185dbe13b11bab478a88887a639655be1068", size = 149415, upload-time = "2023-11-01T04:03:38.694Z" },
    { url = "https://files.pythonhosted.org/packages/24/9d/2e3ef673dfd5be0154b20363c5cdcc5606f35666544381bee15af3778239/charset_normalizer-3.3.2-cp312-cp312-musllinux_1_1_s390x.whl", hash = "sha256:b4a23f61ce87adf89be746c8a8974fe1c823c891d8f86eb218bb957c924bb143", size = 141212, upload-time = "2023-11-01T04:03:40.07Z" },
    { url = "https://files.pythonhosted.org/packages/5b/ae/ce2c12fcac59cb3860b2e2d76dc405253a4475436b1861d95fe75bdea520/charset_normalizer-3.3.2-cp312-cp312-musllinux_1_1_x86_64.whl", hash = "sha256:efcb3f6676480691518c177e3b465bcddf57cea040302f9f4e6e191af91174d4", size = 142167, upload-time = "2023-11-01T04:03:41.491Z" },
    { url = "https://files.pythonhosted.org/packages/ed/3a/a448bf035dce5da359daf9ae8a16b8a39623cc395a2ffb1620aa1bce62b0/charset_normalizer-3.3.2-cp312-cp312-win32.whl", hash = "sha256:d965bba47ddeec8cd560687584e88cf699fd28f192ceb452d1d7ee807c5597b7", size = 93041, upload-time = "2023-11-01T04:03:42.836Z" },
    { url = "https://files.pythonhosted.org/packages/b6/7c/8debebb4f90174074b827c63242c23851bdf00a532489fba57fef3416e40/charset_normalizer-3.3.2-cp312-cp312-win_amd64.whl", hash = "sha256:96b02a3dc4381e5494fad39be677abcb5e6634bf7b4fa83a6dd3112607547001", size = 100397, upload-time = "2023-11-01T04:03:44.467Z" },
    { url = "https://files.pythonhosted.org/packages/28/76/e6222113b83e3622caa4bb41032d0b1bf785250607392e1b778aca0b8a7d/charset_normalizer-3.3.2-py3-none-any.whl", hash = "sha256:3e4d1f6587322d2788836a99c69062fbb091331ec940e02d12d179c1d53e25fc", size = 48543, upload-time = "2023-11-01T04:04:58.622Z" },
]

[[package]]
name = "colorama"
version = "0.4.6"
source = { registry = "https://pypi.org/simple" }
sdist = { url = "https://files.pythonhosted.org/packages/d8/53/6f443c9a4a8358a93a6792e2acffb9d9d5cb0a5cfd8802644b7b1c9a02e4/colorama-0.4.6.tar.gz", hash = "sha256:08695f5cb7ed6e0531a20572697297273c47b8cae5a63ffc6d6ed5c201be6e44", size = 27697, upload-time = "2022-10-25T02:36:22.414Z" }
wheels = [
    { url = "https://files.pythonhosted.org/packages/d1/d6/3965ed04c63042e047cb6a3e6ed1a63a35087b6a609aa3a15ed8ac56c221/colorama-0.4.6-py2.py3-none-any.whl", hash = "sha256:4f1d9991f5acc0ca119f9d443620b77f9d6b33703e51011c16baf57afb285fc6", size = 25335, upload-time = "2022-10-25T02:36:20.889Z" },
]

[[package]]
name = "exceptiongroup"
version = "1.2.2"
source = { registry = "https://pypi.org/simple" }
sdist = { url = "https://files.pythonhosted.org/packages/09/35/2495c4ac46b980e4ca1f6ad6db102322ef3ad2410b79fdde159a4b0f3b92/exceptiongroup-1.2.2.tar.gz", hash = "sha256:47c2edf7c6738fafb49fd34290706d1a1a2f4d1c6df275526b62cbb4aa5393cc", size = 28883, upload-time = "2024-07-12T22:26:00.161Z" }
wheels = [
    { url = "https://files.pythonhosted.org/packages/02/cc/b7e31358aac6ed1ef2bb790a9746ac2c69bcb3c8588b41616914eb106eaf/exceptiongroup-1.2.2-py3-none-any.whl", hash = "sha256:3111b9d131c238bec2f8f516e123e14ba243563fb135d3fe885990585aa7795b", size = 16453, upload-time = "2024-07-12T22:25:58.476Z" },
]

[[package]]
name = "faker"
version = "26.0.0"
source = { registry = "https://pypi.org/simple" }
dependencies = [
    { name = "python-dateutil" },
]
sdist = { url = "https://files.pythonhosted.org/packages/e9/95/f6d8c93a2b0307489ea41e64c2c764f6a93a9e6f78550cbc0d133c672eb1/Faker-26.0.0.tar.gz", hash = "sha256:0f60978314973de02c00474c2ae899785a42b2cf4f41b7987e93c132a2b8a4a9", size = 1763318, upload-time = "2024-06-26T21:17:43.658Z" }
wheels = [
    { url = "https://files.pythonhosted.org/packages/a7/0b/57ac98ca6aa8cd54246b440bc2aa8549e5dcbb99a72a399cab6d66c7f198/Faker-26.0.0-py3-none-any.whl", hash = "sha256:886ee28219be96949cd21ecc96c4c742ee1680e77f687b095202c8def1a08f06", size = 1799992, upload-time = "2024-06-26T21:17:37.776Z" },
]

[[package]]
name = "falcon-eye-monitoring"
version = "1.1.1"
source = { editable = "." }
dependencies = [
    { name = "faker" },
    { name = "playwright" },
    { name = "pytest" },
    { name = "pytest-playwright" },
]

[package.metadata]
requires-dist = [
    { name = "faker", specifier = ">=26.0.0,<27" },
    { name = "playwright", specifier = ">=1.45.0,<2" },
    { name = "pytest", specifier = ">=8.2.2,<9" },
    { name = "pytest-playwright", specifier = ">=0.5.1,<0.6" },
]

[[package]]
name = "greenlet"
version = "3.0.3"
source = { registry = "https://pypi.org/simple" }
sdist = { url = "https://files.pythonhosted.org/packages/17/14/3bddb1298b9a6786539ac609ba4b7c9c0842e12aa73aaa4d8d73ec8f8185/greenlet-3.0.3.tar.gz", hash = "sha256:43374442353259554ce33599da8b692d5aa96f8976d567d4badf263371fbe491", size = 182013, upload-time = "2023-12-21T22:02:54.659Z" }
wheels = [
    { url = "https://files.pythonhosted.org/packages/a6/64/bea53c592e3e45799f7c8039a8ee7d6883c518eafef1fcae60beb776070f/greenlet-3.0.3-cp310-cp310-macosx_11_0_universal2.whl", hash = "sha256:9da2bd29ed9e4f15955dd1595ad7bc9320308a3b766ef7f837e23ad4b4aac31a", size = 270098, upload-time = "2023-12-21T22:01:50.6Z" },
    { url = "https://files.pythonhosted.org/packages/a6/d6/408ad9603339db28ce334021b1403dfcfbcb7501a435d49698408d928de7/greenlet-3.0.3-cp310-cp310-manylinux_2_17_aarch64.manylinux2014_aarch64.whl", hash = "sha256:d353cadd6083fdb056bb46ed07e4340b0869c305c8ca54ef9da3421acbdf6881", size = 651930, upload-time = "2023-12-21T22:29:24.374Z" },
    { url = "https://files.pythonhosted.org/packages/6c/90/5b14670653f7363fb3e1665f8da6d64bd4c31d53a796d09ef69f48be7273/greenlet-3.0.3-cp310-cp310-manylinux_2_17_ppc64le.manylinux2014_ppc64le.whl", hash = "sha256:dca1e2f3ca00b84a396bc1bce13dd21f680f035314d2379c4160c98153b2059b", size = 667643, upload-time = "2023-12-21T22:26:19.296Z" },
    { url = "https://files.pythonhosted.org/packages/ef/17/e8e72cabfb5a906c0d976d7fbcc88310df292beea0f816efbefdaf694284/greenlet-3.0.3-cp310-cp310-manylinux_2_17_s390x.manylinux2014_s390x.whl", hash = "sha256:3ed7fb269f15dc662787f4119ec300ad0702fa1b19d2135a37c2c4de6fadfd4a", size = 659188, upload-time = "2023-12-21T22:31:32.77Z" },
    { url = "https://files.pythonhosted.org/packages/1c/2f/64628f6ae48e05f585e0eb3fb7399b52e240ef99f602107b445bf6be23ef/greenlet-3.0.3-cp310-cp310-manylinux_2_17_x86_64.manylinux2014_x86_64.whl", hash = "sha256:dd4f49ae60e10adbc94b45c0b5e6a179acc1736cf7a90160b404076ee283cf83", size = 662673, upload-time = "2023-12-21T22:03:11.143Z" },
    { url = "https://files.pythonhosted.org/packages/24/35/945d5b10648fec9b20bcc6df8952d20bb3bba76413cd71c1fdbee98f5616/greenlet-3.0.3-cp310-cp310-manylinux_2_24_x86_64.manylinux_2_28_x86_64.whl", hash = "sha256:73a411ef564e0e097dbe7e866bb2dda0f027e072b04da387282b02c308807405", size = 616002, upload-time = "2023-12-21T22:03:01.774Z" },
    { url = "https://files.pythonhosted.org/packages/74/00/27e2da76b926e9b5a2c97d3f4c0baf1b7d8181209d3026c0171f621ae6c0/greenlet-3.0.3-cp310-cp310-musllinux_1_1_aarch64.whl", hash = "sha256:7f362975f2d179f9e26928c5b517524e89dd48530a0202570d55ad6ca5d8a56f", size = 1150603, upload-time = "2023-12-21T22:30:55.699Z" },
    { url = "https://files.pythonhosted.org/packages/e1/65/506e0a80931170b0dac1a03d36b7fc299f3fa3576235b916718602fff2c3/greenlet-3.0.3-cp310-cp310-musllinux_1_1_x86_64.whl", hash = "sha256:649dde7de1a5eceb258f9cb00bdf50e978c9db1b996964cd80703614c86495eb", size = 1176756, upload-time = "2023-12-21T22:04:16.172Z" },
    { url = "https://files.pythonhosted.org/packages/a6/76/e1ee9f290bb0d46b09704c2fb0e609cae329eb308ad404c0ee6fa1ecb8a5/greenlet-3.0.3-cp310-cp310-win_amd64.whl", hash = "sha256:68834da854554926fbedd38c76e60c4a2e3198c6fbed520b106a8986445caaf9", size = 292349, upload-time = "2023-12-21T22:33:13.902Z" },
    { url = "https://files.pythonhosted.org/packages/6e/20/68a278a6f93fa36e21cfc3d7599399a8a831225644eb3b6b18755cd3d6fc/greenlet-3.0.3-cp311-cp311-macosx_11_0_universal2.whl", hash = "sha256:b1b5667cced97081bf57b8fa1d6bfca67814b0afd38208d52538316e9422fc61", size = 271666, upload-time = "2023-12-21T22:02:20.66Z" },
    { url = "https://files.pythonhosted.org/packages/21/b4/90e06e07c78513ab03855768200bdb35c8e764e805b3f14fb488e56f82dc/greenlet-3.0.3-cp311-cp311-manylinux_2_17_aarch64.manylinux2014_aarch64.whl", hash = "sha256:52f59dd9c96ad2fc0d5724107444f76eb20aaccb675bf825df6435acb7703559", size = 657689, upload-time = "2023-12-21T22:29:26.823Z" },
    { url = "https://files.pythonhosted.org/packages/f6/a2/0ed21078039072f9dc738bbf3af12b103a84106b1385ac4723841f846ce7/greenlet-3.0.3-cp311-cp311-manylinux_2_17_ppc64le.manylinux2014_ppc64le.whl", hash = "sha256:afaff6cf5200befd5cec055b07d1c0a5a06c040fe5ad148abcd11ba6ab9b114e", size = 673009, upload-time = "2023-12-21T22:26:21.802Z" },
    { url = "https://files.pythonhosted.org/packages/42/11/42ad6b1104c357826bbee7d7b9e4f24dbd9fde94899a03efb004aab62963/greenlet-3.0.3-cp311-cp311-manylinux_2_17_s390x.manylinux2014_s390x.whl", hash = "sha256:fe754d231288e1e64323cfad462fcee8f0288654c10bdf4f603a39ed923bef33", size = 667432, upload-time = "2023-12-21T22:31:34.29Z" },
    { url = "https://files.pythonhosted.org/packages/bb/6b/384dee7e0121cbd1757bdc1824a5ee28e43d8d4e3f99aa59521f629442fe/greenlet-3.0.3-cp311-cp311-manylinux_2_17_x86_64.manylinux2014_x86_64.whl", hash = "sha256:2797aa5aedac23af156bbb5a6aa2cd3427ada2972c828244eb7d1b9255846379", size = 667442, upload-time = "2023-12-21T22:03:13.273Z" },
    { url = "https://files.pythonhosted.org/packages/c6/1f/12d5a6cc26e8b483c2e7975f9c22e088ac735c0d8dcb8a8f72d31a4e5f04/greenlet-3.0.3-cp311-cp311-manylinux_2_24_x86_64.manylinux_2_28_x86_64.whl", hash = "sha256:b7f009caad047246ed379e1c4dbcb8b020f0a390667ea74d2387be2998f58a22", size = 620032, upload-time = "2023-12-21T22:03:04.267Z" },
    { url = "https://files.pythonhosted.org/packages/c7/ec/85b647e59e0f137c7792a809156f413e38379cf7f3f2e1353c37f4be4026/greenlet-3.0.3-cp311-cp311-musllinux_1_1_aarch64.whl", hash = "sha256:c5e1536de2aad7bf62e27baf79225d0d64360d4168cf2e6becb91baf1ed074f3", size = 1154218, upload-time = "2023-12-21T22:30:57.945Z" },
    { url = "https://files.pythonhosted.org/packages/94/ed/1e5f4bca691a81700e5a88e86d6f0e538acb10188cd2cc17140e523255ef/greenlet-3.0.3-cp311-cp311-musllinux_1_1_x86_64.whl", hash = "sha256:894393ce10ceac937e56ec00bb71c4c2f8209ad516e96033e4b3b1de270e200d", size = 1180754, upload-time = "2023-12-21T22:04:18.344Z" },
    { url = "https://files.pythonhosted.org/packages/47/79/26d54d7d700ef65b689fc2665a40846d13e834da0486674a8d4f0f371a47/greenlet-3.0.3-cp311-cp311-win_amd64.whl", hash = "sha256:1ea188d4f49089fc6fb283845ab18a2518d279c7cd9da1065d7a84e991748728", size = 292822, upload-time = "2023-12-21T22:29:32.85Z" },
    { url = "https://files.pythonhosted.org/packages/a2/2f/461615adc53ba81e99471303b15ac6b2a6daa8d2a0f7f77fd15605e16d5b/greenlet-3.0.3-cp312-cp312-macosx_11_0_universal2.whl", hash = "sha256:70fb482fdf2c707765ab5f0b6655e9cfcf3780d8d87355a063547b41177599be", size = 273085, upload-time = "2023-12-21T22:03:01.176Z" },
    { url = "https://files.pythonhosted.org/packages/e9/55/2c3cfa3cdbb940cf7321fbcf544f0e9c74898eed43bf678abf416812d132/greenlet-3.0.3-cp312-cp312-manylinux_2_17_aarch64.manylinux2014_aarch64.whl", hash = "sha256:d4d1ac74f5c0c0524e4a24335350edad7e5f03b9532da7ea4d3c54d527784f2e", size = 660514, upload-time = "2023-12-21T22:29:28.62Z" },
    { url = "https://files.pythonhosted.org/packages/38/77/efb21ab402651896c74f24a172eb4d7479f9f53898bd5e56b9e20bb24ffd/greenlet-3.0.3-cp312-cp312-manylinux_2_17_ppc64le.manylinux2014_ppc64le.whl", hash = "sha256:149e94a2dd82d19838fe4b2259f1b6b9957d5ba1b25640d2380bea9c5df37676", size = 674295, upload-time = "2023-12-21T22:26:24.101Z" },
    { url = "https://files.pythonhosted.org/packages/74/3a/92f188ace0190f0066dca3636cf1b09481d0854c46e92ec5e29c7cefe5b1/greenlet-3.0.3-cp312-cp312-manylinux_2_17_s390x.manylinux2014_s390x.whl", hash = "sha256:15d79dd26056573940fcb8c7413d84118086f2ec1a8acdfa854631084393efcc", size = 669395, upload-time = "2023-12-21T22:31:35.992Z" },
    { url = "https://files.pythonhosted.org/packages/63/0f/847ed02cdfce10f0e6e3425cd054296bddb11a17ef1b34681fa01a055187/greenlet-3.0.3-cp312-cp312-manylinux_2_17_x86_64.manylinux2014_x86_64.whl", hash = "sha256:881b7db1ebff4ba09aaaeae6aa491daeb226c8150fc20e836ad00041bcb11230", size = 670455, upload-time = "2023-12-21T22:03:16.291Z" },
    { url = "https://files.pythonhosted.org/packages/bd/37/56b0da468a85e7704f3b2bc045015301bdf4be2184a44868c71f6dca6fe2/greenlet-3.0.3-cp312-cp312-manylinux_2_24_x86_64.manylinux_2_28_x86_64.whl", hash = "sha256:fcd2469d6a2cf298f198f0487e0a5b1a47a42ca0fa4dfd1b6862c999f018ebbf", size = 625692, upload-time = "2023-12-21T22:03:06.294Z" },
    { url = "https://files.pythonhosted.org/packages/7c/68/b5f4084c0a252d7e9c0d95fc1cfc845d08622037adb74e05be3a49831186/greenlet-3.0.3-cp312-cp312-musllinux_1_1_aarch64.whl", hash = "sha256:1f672519db1796ca0d8753f9e78ec02355e862d0998193038c7073045899f305", size = 1152597, upload-time = "2023-12-21T22:31:00.412Z" },
    { url = "https://files.pythonhosted.org/packages/a4/fa/31e22345518adcd69d1d6ab5087a12c178aa7f3c51103f6d5d702199d243/greenlet-3.0.3-cp312-cp312-musllinux_1_1_x86_64.whl", hash = "sha256:2516a9957eed41dd8f1ec0c604f1cdc86758b587d964668b5b196a9db5bfcde6", size = 1181043, upload-time = "2023-12-21T22:04:20.032Z" },
    { url = "https://files.pythonhosted.org/packages/53/80/3d94d5999b4179d91bcc93745d1b0815b073d61be79dd546b840d17adb18/greenlet-3.0.3-cp312-cp312-win_amd64.whl", hash = "sha256:bba5387a6975598857d86de9eac14210a49d554a77eb8261cc68b7d082f78ce2", size = 293635, upload-time = "2023-12-21T22:26:01.555Z" },
]

[[package]]
name = "idna"
version = "3.7"
source = { registry = "https://pypi.org/simple" }
sdist = { url = "https://files.pythonhosted.org/packages/21/ed/f86a79a07470cb07819390452f178b3bef1d375f2ec021ecfc709fc7cf07/idna-3.7.tar.gz", hash = "sha256:028ff3aadf0609c1fd278d8ea3089299412a7a8b9bd005dd08b9f8285bcb5cfc", size = 189575, upload-time = "2024-04-11T03:34:43.276Z" }
wheels = [
    { url = "https://files.pythonhosted.org/packages/e5/3e/741d8c82801c347547f8a2a06aa57dbb1992be9e948df2ea0eda2c8b79e8/idna-3.7-py3-none-any.whl", hash = "sha256:82fee1fc78add43492d3a1898bfa6d8a904cc97d8427f683ed8e798d07761aa0", size = 66836, upload-time = "2024-04-11T03:34:41.447Z" },
]

[[package]]
name = "iniconfig"
version = "2.0.0"
source = { registry = "https://pypi.org/simple" }
sdist = { url = "https://files.pythonhosted.org/packages/d7/4b/cbd8e699e64a6f16ca3a8220661b5f83792b3017d0f79807cb8708d33913/iniconfig-2.0.0.tar.gz", hash = "sha256:2d91e135bf72d31a410b17c16da610a82cb55f6b0477d1a902134b24a455b8b3", size = 4646, upload-time = "2023-01-07T11:08:11.254Z" }
wheels = [
    { url = "https://files.pythonhosted.org/packages/ef/a6/62565a6e1cf69e10f5727360368e451d4b7f58beeac6173dc9db836a5b46/iniconfig-2.0.0-py3-none-any.whl", hash = "sha256:b6a85871a79d2e3b22d2d1b94ac2824226a63c6b741c88f7ae975f18b6778374", size = 5892, upload-time = "2023-01-07T11:08:09.864Z" },
]

[[package]]
name = "packaging"
version = "24.1"
source = { registry = "https://pypi.org/simple" }
sdist = { url = "https://files.pythonhosted.org/packages/51/65/50db4dda066951078f0a96cf12f4b9ada6e4b811516bf0262c0f4f7064d4/packaging-24.1.tar.gz", hash = "sha256:026ed72c8ed3fcce5bf8950572258698927fd1dbda10a5e981cdf0ac37f4f002", size = 148788, upload-time = "2024-06-09T23:19:24.956Z" }
wheels = [
    { url = "https://files.pythonhosted.org/packages/08/aa/cc0199a5f0ad350994d660967a8efb233fe0416e4639146c089643407ce6/packaging-24.1-py3-none-any.whl", hash = "sha256:5b8f2217dbdbd2f7f384c41c628544e6d52f2d0f53c6d0c3ea61aa5d1d7ff124", size = 53985, upload-time = "2024-06-09T23:19:21.909Z" },
]

[[package]]
name = "playwright"
version = "1.45.0"
source = { registry = "https://pypi.org/simple" }
dependencies = [
    { name = "greenlet" },
    { name = "pyee" },
]
wheels = [
    { url = "https://files.pythonhosted.org/packages/99/ee/5ffdf7557b601a00fb4e0cc29b140cefc584e8d394ea21cc3a4eb05b4d45/playwright-1.45.0-py3-none-macosx_10_13_x86_64.whl", hash = "sha256:7d49aee5907d8e72060f04bc299cb6851c2dc44cb227540ade89d7aa529e907a", size = 34747285, upload-time = "2024-07-03T10:32:40.434Z" },
    { url = "https://files.pythonhosted.org/packages/f4/4e/d7df2eb27e2f228ec5fb2be453d3c780001ab9b3bd0f7ec5b6568adfe46e/playwright-1.45.0-py3-none-macosx_11_0_arm64.whl", hash = "sha256:210c9f848820f58b5b5ed48047748620b780ca3acc3e2b7560dafb2bfdd6d90a", size = 33064579, upload-time = "2024-07-03T10:32:45.423Z" },
    { url = "https://files.pythonhosted.org/packages/f0/4f/2f364f0586d1c0e0b82ee1118505fc5a495f2b385e34575967b8a5fc8302/playwright-1.45.0-py3-none-macosx_11_0_universal2.whl", hash = "sha256:13b5398831f5499580e819ddc996633446a93bf88029e89451e51da188e16ae3", size = 34747281, upload-time = "2024-07-03T10:32:49.78Z" },
    { url = "https://files.pythonhosted.org/packages/a4/3e/d68323360efc63c9565f8f9bc84d1074bb2d4726ec5bb45bd8c9fb72fe1b/playwright-1.45.0-py3-none-manylinux1_x86_64.whl", hash = "sha256:0ba5a39f25fb9b9cf1bd48678f44536a29f6d83376329de2dee1567dac220afe", size = 37861759, upload-time = "2024-07-03T10:32:54.375Z" },
    { url = "https://files.pythonhosted.org/packages/3a/b8/329494128bc9c90ad4a705e11e33bc1d90e79faf90ee27673c568ad0c8ba/playwright-1.45.0-py3-none-manylinux_2_17_aarch64.manylinux2014_aarch64.whl", hash = "sha256:b09fa76614ba2926d45a4c0581f710c13652d5e32290ba6a1490fbafff7f0be8", size = 37605929, upload-time = "2024-07-03T10:32:58.548Z" },
    { url = "https://files.pythonhosted.org/packages/a5/73/cde84614e51de244fe0cd1d0be7edb4cdedee7d7306f9646468807a22b6b/playwright-1.45.0-py3-none-win32.whl", hash = "sha256:97a7d53af89af54208b69c051046b462675fcf5b93f7fbfb7c0fa7f813424ee2", size = 29692683, upload-time = "2024-07-03T10:33:02.508Z" },
    { url = "https://files.pythonhosted.org/packages/87/0f/c8dcadb2f0dcfdab6052d5ecf57ccf19b439c0adc29fc510ed0830349345/playwright-1.45.0-py3-none-win_amd64.whl", hash = "sha256:701db496928429aec103739e48e3110806bd5cf49456cc95b89f28e1abda71da", size = 29692683, upload-time = "2024-07-03T10:33:07.171Z" },
]

[[package]]
name = "pluggy"
version = "1.5.0"
source = { registry = "https://pypi.org/simple" }
sdist = { url = "https://files.pythonhosted.org/packages/96/2d/02d4312c973c6050a18b314a5ad0b3210edb65a906f868e31c111dede4a6/pluggy-1.5.0.tar.gz", hash = "sha256:2cffa88e94fdc978c4c574f15f9e59b7f4201d439195c3715ca9e2486f1d0cf1", size = 67955, upload-time = "2024-04-20T21:34:42.531Z" }
wheels = [
    { url = "https://files.pythonhosted.org/packages/88/5f/e351af9a41f866ac3f1fac4ca0613908d9a41741cfcf2228f4ad853b697d/pluggy-1.5.0-py3-none-any.whl", hash = "sha256:44e1ad92c8ca002de6377e165f3e0f1be63266ab4d554740532335b9d75ea669", size = 20556, upload-time = "2024-04-20T21:34:40.434Z" },
]

[[package]]
name = "pyee"
version = "11.1.0"
source = { registry = "https://pypi.org/simple" }
dependencies = [
    { name = "typing-extensions" },
]
sdist = { url = "https://files.pythonhosted.org/packages/f7/22/b4c7f3d9579204a014c4eda0e019e6bfe56af52a96cacc82004b60eec079/pyee-11.1.0.tar.gz", hash = "sha256:b53af98f6990c810edd9b56b87791021a8f54fd13db4edd1142438d44ba2263f", size = 29806, upload-time = "2023-11-23T17:13:25.913Z" }
wheels = [
    { url = "https://files.pythonhosted.org/packages/16/cc/5cea8a0a0d3deb90b5a0d39ad1a6a1ccaa40a9ea86d793eb8a49d32a6ed0/pyee-11.1.0-py3-none-any.whl", hash = "sha256:5d346a7d0f861a4b2e6c47960295bd895f816725b27d656181947346be98d7c1", size = 15263, upload-time = "2023-11-23T17:13:24.486Z" },
]

[[package]]
name = "pytest"
version = "8.2.2"
source = { registry = "https://pypi.org/simple" }
dependencies = [
    { name = "colorama", marker = "sys_platform == 'win32'" },
    { name = "exceptiongroup", marker = "python_full_version < '3.11'" },
    { name = "iniconfig" },
    { name = "packaging" },
    { name = "pluggy" },
    { name = "tomli", marker = "python_full_version < '3.11'" },
]
sdist = { url = "https://files.pythonhosted.org/packages/a6/58/e993ca5357553c966b9e73cb3475d9c935fe9488746e13ebdf9b80fae508/pytest-8.2.2.tar.gz", hash = "sha256:de4bb8104e201939ccdc688b27a89a7be2079b22e2bd2b07f806b6ba71117977", size = 1427980, upload-time = "2024-06-04T13:38:09.274Z" }
wheels = [
    { url = "https://files.pythonhosted.org/packages/4e/e7/81ebdd666d3bff6670d27349b5053605d83d55548e6bd5711f3b0ae7dd23/pytest-8.2.2-py3-none-any.whl", hash = "sha256:c434598117762e2bd304e526244f67bf66bbd7b5d6cf22138be51ff661980343", size = 339873, upload-time = "2024-06-04T13:38:05.285Z" },
]

[[package]]
name = "pytest-base-url"
version = "2.1.0"
source = { registry = "https://pypi.org/simple" }
dependencies = [
    { name = "pytest" },
    { name = "requests" },
]
sdist = { url = "https://files.pythonhosted.org/packages/ae/1a/b64ac368de6b993135cb70ca4e5d958a5c268094a3a2a4cac6f0021b6c4f/pytest_base_url-2.1.0.tar.gz", hash = "sha256:02748589a54f9e63fcbe62301d6b0496da0d10231b753e950c63e03aee745d45", size = 6702, upload-time = "2024-01-31T22:43:00.81Z" }
wheels = [
    { url = "https://files.pythonhosted.org/packages/98/1c/b00940ab9eb8ede7897443b771987f2f4a76f06be02f1b3f01eb7567e24a/pytest_base_url-2.1.0-py3-none-any.whl", hash = "sha256:3ad15611778764d451927b2a53240c1a7a591b521ea44cebfe45849d2d2812e6", size = 5302, upload-time = "2024-01-31T22:42:58.897Z" },
]

[[package]]
name = "pytest-playwright"
version = "0.5.1"
source = { registry = "https://pypi.org/simple" }
dependencies = [
    { name = "playwright" },
    { name = "pytest" },
    { name = "pytest-base-url" },
    { name = "python-slugify" },
]
sdist = { url = "https://files.pythonhosted.org/packages/fb/1a/c63238f4714337188356e2a7b5d096c564987949ef1ed176e740e25f585e/pytest-playwright-0.5.1.tar.gz", hash = "sha256:6b0683cbacd060f338b37d0c2cdac25d841e14f1440e986efcceaacd3d61a268", size = 22490, upload-time = "2024-07-03T08:41:59.549Z" }
wheels = [
    { url = "https://files.pythonhosted.org/packages/60/30/10b202ca0a7278dae1a90beb5574c7bfa0b9aa5091a083046a8b96725a24/pytest_playwright-0.5.1-py3-none-any.whl", hash = "sha256:54eb12742de16bf50d9630fe06ac398727e52d5c1e55269acb37e1ede91d9e00", size = 12022, upload-time = "2024-07-03T08:42:01.58Z" },
]

[[package]]
name = "python-dateutil"
version = "2.9.0.post0"
source = { registry = "https://pypi.org/simple" }
dependencies = [
    { name = "six" },
]
sdist = { url = "https://files.pythonhosted.org/packages/66/c0/0c8b6ad9f17a802ee498c46e004a0eb49bc148f2fd230864601a86dcf6db/python-dateutil-2.9.0.post0.tar.gz", hash = "sha256:37dd54208da7e1cd875388217d5e00ebd4179249f90fb72437e91a35459a0ad3", size = 342432, upload-time = "2024-03-01T18:36:20.211Z" }
wheels = [
    { url = "https://files.pythonhosted.org/packages/ec/57/56b9bcc3c9c6a792fcbaf139543cee77261f3651ca9da0c93f5c1221264b/python_dateutil-2.9.0.post0-py2.py3-none-any.whl", hash = "sha256:a8b2bc7bffae282281c8140a97d3aa9c14da0b136dfe83f850eea9a5f7470427", size = 229892, upload-time = "2024-03-01T18:36:18.57Z" },
]

[[package]]
name = "python-slugify"
version = "8.0.4"
source = { registry = "https://pypi.org/simple" }
dependencies = [
    { name = "text-unidecode" },
]
sdist = { url = "https://files.pythonhosted.org/packages/87/c7/5e1547c44e31da50a460df93af11a535ace568ef89d7a811069ead340c4a/python-slugify-8.0.4.tar.gz", hash = "sha256:59202371d1d05b54a9e7720c5e038f928f45daaffe41dd10822f3907b937c856", size = 10921, upload-time = "2024-02-08T18:32:45.488Z" }
wheels = [
    { url = "https://files.pythonhosted.org/packages/a4/62/02da182e544a51a5c3ccf4b03ab79df279f9c60c5e82d5e8bec7ca26ac11/python_slugify-8.0.4-py2.py3-none-any.whl", hash = "sha256:276540b79961052b66b7d116620b36518847f52d5fd9e3a70164fc8c50faa6b8", size = 10051, upload-time = "2024-02-08T18:32:43.911Z" },
]

[[package]]
name = "requests"
version = "2.32.3"
source = { registry = "https://pypi.org/simple" }
dependencies = [
    { name = "certifi" },
    { name = "charset-normalizer" },
    { name = "idna" },
    { name = "urllib3" },
]
sdist = { url = "https://files.pythonhosted.org/packages/63/70/2bf7780ad2d390a8d301ad0b550f1581eadbd9a20f896afe06353c2a2913/requests-2.32.3.tar.gz", hash = "sha256:55365417734eb18255590a9ff9eb97e9e1da868d4ccd6402399eaf68af20a760", size = 131218, upload-time = "2024-05-29T15:37:49.536Z" }
wheels = [
    { url = "https://files.pythonhosted.org/packages/f9/9b/335f9764261e915ed497fcdeb11df5dfd6f7bf257d4a6a2a686d80da4d54/requests-2.32.3-py3-none-any.whl", hash = "sha256:70761cfe03c773ceb22aa2f671b4757976145175cdfca038c02654d061d6dcc6", size = 64928, upload-time = "2024-05-29T15:37:47.027Z" },
]

[[package]]
name = "six"
version = "1.16.0"
source = { registry = "https://pypi.org/simple" }
sdist = { url = "https://files.pythonhosted.org/packages/71/39/171f1c67cd00715f190ba0b100d606d440a28c93c7714febeca8b79af85e/six-1.16.0.tar.gz", hash = "sha256:1e61c37477a1626458e36f7b1d82aa5c9b094fa4802892072e49de9c60c4c926", size = 34041, upload-time = "2021-05-05T14:18:18.379Z" }
wheels = [
    { url = "https://files.pythonhosted.org/packages/d9/5a/e7c31adbe875f2abbb91bd84cf2dc52d792b5a01506781dbcf25c91daf11/six-1.16.0-py2.py3-none-any.whl", hash = "sha256:8abb2f1d86890a2dfb989f9a77cfcfd3e47c2a354b01111771326f8aa26e0254", size = 11053, upload-time = "2021-05-05T14:18:17.237Z" },
]

[[package]]
name = "text-unidecode"
version = "1.3"
source = { registry = "https://pypi.org/simple" }
sdist = { url = "https://files.pythonhosted.org/packages/ab/e2/e9a00f0ccb71718418230718b3d900e71a5d16e701a3dae079a21e9cd8f8/text-unidecode-1.3.tar.gz", hash = "sha256:bad6603bb14d279193107714b288be206cac565dfa49aa5b105294dd5c4aab93", size = 76885, upload-time = "2019-08-30T21:36:45.405Z" }
wheels = [
    { url = "https://files.pythonhosted.org/packages/a6/a5/c0b6468d3824fe3fde30dbb5e1f687b291608f9473681bbf7dabbf5a87d7/text_unidecode-1.3-py2.py3-none-any.whl", hash = "sha256:1311f10e8b895935241623731c2ba64f4c455287888b18189350b67134a822e8", size = 78154, upload-time = "2019-08-30T21:37:03.543Z" },
]

[[package]]
name = "tomli"
version = "2.0.1"
source = { registry = "https://pypi.org/simple" }
sdist = { url = "https://files.pythonhosted.org/packages/c0/3f/d7af728f075fb08564c5949a9c95e44352e23dee646869fa104a3b2060a3/tomli-2.0.1.tar.gz", hash = "sha256:de526c12914f0c550d15924c62d72abc48d6fe7364aa87328337a31007fe8a4f", size = 15164, upload-time = "2022-02-08T10:54:04.006Z" }
wheels = [
    { url = "https://files.pythonhosted.org/packages/97/75/10a9ebee3fd790d20926a90a2547f0bf78f371b2f13aa822c759680ca7b9/tomli-2.0.1-py3-none-any.whl", hash = "sha256:939de3e7a6161af0c887ef91b7d41a53e7c5a1ca976325f429cb46ea9bc30ecc", size = 12757, upload-time = "2022-02-08T10:54:02.017Z" },
]

[[package]]
name = "typing-extensions"
version = "4.12.2"
source = { registry = "https://pypi.org/simple" }
sdist = { url = "https://files.pythonhosted.org/packages/df/db/f35a00659bc03fec321ba8bce9420de607a1d37f8342eee1863174c69557/typing_extensions-4.12.2.tar.gz", hash = "sha256:1a7ead55c7e559dd4dee8856e3a88b41225abfe1ce8df57b7c13915fe121ffb8", size = 85321, upload-time = "2024-06-07T18:52:15.995Z" }
wheels = [
    { url = "https://files.pythonhosted.org/packages/26/9f/ad63fc0248c5379346306f8668cda6e2e2e9c95e01216d2b8ffd9ff037d0/typing_extensions-4.12.2-py3-none-any.whl", hash = "sha256:04e5ca0351e0f3f85c6853954072df659d0d13fac324d0072316b67d7794700d", size = 37438, upload-time = "2024-06-07T18:52:13.582Z" },
]

[[package]]
name = "urllib3"
version = "2.2.2"
source = { registry = "https://pypi.org/simple" }
sdist = { url = "https://files.pythonhosted.org/packages/43/6d/fa469ae21497ddc8bc93e5877702dca7cb8f911e337aca7452b5724f1bb6/urllib3-2.2.2.tar.gz", hash = "sha256:dd505485549a7a552833da5e6063639d0d177c04f23bc3864e41e5dc5f612168", size = 292266, upload-time = "2024-06-17T13:40:11.401Z" }
wheels = [
    { url = "https://files.pythonhosted.org/packages/ca/1c/89ffc63a9605b583d5df2be791a27bc1a42b7c32bab68d3c8f2f73a98cd4/urllib3-2.2.2-py3-none-any.whl", hash = "sha256:a448b2f64d686155468037e1ace9f2d2199776e17f0a46610480d311f73e3472", size = 121444, upload-time = "2024-06-17T13:40:07.795Z" },
]
